
Microsoft Visual Studio Solution File, Format Version 12.00
# Visual Studio Version 16
VisualStudioVersion = 16.0.30128.74
MinimumVisualStudioVersion = 10.0.40219.1
Project("{FAE04EC0-301F-11D3-BF4B-00C04F79EFBC}") = "Loops", "Loops.csproj", "{C2981CAD-C4EA-44CF-AAC0-4A8CDC60BCDA}"
EndProject
Global
	GlobalSection(SolutionConfigurationPlatforms) = preSolution
		Debug|Any CPU = Debug|Any CPU
		Release|Any CPU = Release|Any CPU
	EndGlobalSection
	GlobalSection(ProjectConfigurationPlatforms) = postSolution
		{C2981CAD-C4EA-44CF-AAC0-4A8CDC60BCDA}.Debug|Any CPU.ActiveCfg = Debug|Any CPU
		{C2981CAD-C4EA-44CF-AAC0-4A8CDC60BCDA}.Debug|Any CPU.Build.0 = Debug|Any CPU
		{C2981CAD-C4EA-44CF-AAC0-4A8CDC60BCDA}.Release|Any CPU.ActiveCfg = Release|Any CPU
		{C2981CAD-C4EA-44CF-AAC0-4A8CDC60BCDA}.Release|Any CPU.Build.0 = Release|Any CPU
	EndGlobalSection
	GlobalSection(SolutionProperties) = preSolution
		HideSolutionNode = FALSE
	EndGlobalSection
	GlobalSection(ExtensibilityGlobals) = postSolution
		SolutionGuid = {FF65F95C-1065-4EDF-A3FD-116B3CA20B71}
	EndGlobalSection
EndGlobal
