
Microsoft Visual Studio Solution File, Format Version 12.00
# Visual Studio Version 16
VisualStudioVersion = 16.0.30128.74
MinimumVisualStudioVersion = 10.0.40219.1
Project("{FAE04EC0-301F-11D3-BF4B-00C04F79EFBC}") = "DataTypes2", "DataTypes2.csproj", "{34E0719F-119A-44CB-B391-B51D351A48FF}"
EndProject
Global
	GlobalSection(SolutionConfigurationPlatforms) = preSolution
		Debug|Any CPU = Debug|Any CPU
		Release|Any CPU = Release|Any CPU
	EndGlobalSection
	GlobalSection(ProjectConfigurationPlatforms) = postSolution
		{34E0719F-119A-44CB-B391-B51D351A48FF}.Debug|Any CPU.ActiveCfg = Debug|Any CPU
		{34E0719F-119A-44CB-B391-B51D351A48FF}.Debug|Any CPU.Build.0 = Debug|Any CPU
		{34E0719F-119A-44CB-B391-B51D351A48FF}.Release|Any CPU.ActiveCfg = Release|Any CPU
		{34E0719F-119A-44CB-B391-B51D351A48FF}.Release|Any CPU.Build.0 = Release|Any CPU
	EndGlobalSection
	GlobalSection(SolutionProperties) = preSolution
		HideSolutionNode = FALSE
	EndGlobalSection
	GlobalSection(ExtensibilityGlobals) = postSolution
		SolutionGuid = {4A83476E-23F6-43E2-BEBB-014C05D5CB48}
	EndGlobalSection
EndGlobal
