
Microsoft Visual Studio Solution File, Format Version 12.00
# Visual Studio Version 16
VisualStudioVersion = 16.0.30128.74
MinimumVisualStudioVersion = 10.0.40219.1
Project("{FAE04EC0-301F-11D3-BF4B-00C04F79EFBC}") = "ConditionalStatements", "ConditionalStatements.csproj", "{F169E165-5A9C-40AA-BBED-63D6E5069A6F}"
EndProject
Global
	GlobalSection(SolutionConfigurationPlatforms) = preSolution
		Debug|Any CPU = Debug|Any CPU
		Release|Any CPU = Release|Any CPU
	EndGlobalSection
	GlobalSection(ProjectConfigurationPlatforms) = postSolution
		{F169E165-5A9C-40AA-BBED-63D6E5069A6F}.Debug|Any CPU.ActiveCfg = Debug|Any CPU
		{F169E165-5A9C-40AA-BBED-63D6E5069A6F}.Debug|Any CPU.Build.0 = Debug|Any CPU
		{F169E165-5A9C-40AA-BBED-63D6E5069A6F}.Release|Any CPU.ActiveCfg = Release|Any CPU
		{F169E165-5A9C-40AA-BBED-63D6E5069A6F}.Release|Any CPU.Build.0 = Release|Any CPU
	EndGlobalSection
	GlobalSection(SolutionProperties) = preSolution
		HideSolutionNode = FALSE
	EndGlobalSection
	GlobalSection(ExtensibilityGlobals) = postSolution
		SolutionGuid = {7F8E98CB-1349-4D9C-AC75-DACB3637D74F}
	EndGlobalSection
EndGlobal
